// !$*UTF8*$!
{
	archiveVersion = 1;
	classes = {
	};
	objectVersion = 46;
	objects = {

/* Begin PBXBuildFile section */
		AC749DA719D863440067ADBF /* AppDelegate.swift in Sources */ = {isa = PBXBuildFile; fileRef = AC749DA619D863440067ADBF /* AppDelegate.swift */; };
		AC749DA919D863440067ADBF /* ViewController.swift in Sources */ = {isa = PBXBuildFile; fileRef = AC749DA819D863440067ADBF /* ViewController.swift */; };
		AC749DAC19D863440067ADBF /* Main.storyboard in Resources */ = {isa = PBXBuildFile; fileRef = AC749DAA19D863440067ADBF /* Main.storyboard */; };
		AC749DAE19D863440067ADBF /* Images.xcassets in Resources */ = {isa = PBXBuildFile; fileRef = AC749DAD19D863440067ADBF /* Images.xcassets */; };
		AC749DB119D863440067ADBF /* LaunchScreen.xib in Resources */ = {isa = PBXBuildFile; fileRef = AC749DAF19D863440067ADBF /* LaunchScreen.xib */; };
		AC749DBD19D863440067ADBF /* SwiftToDoTests.swift in Sources */ = {isa = PBXBuildFile; fileRef = AC749DBC19D863440067ADBF /* SwiftToDoTests.swift */; };
/* End PBXBuildFile section */

/* Begin PBXContainerItemProxy section */
		AC749DB719D863440067ADBF /* PBXContainerItemProxy */ = {
			isa = PBXContainerItemProxy;
			containerPortal = AC749D9919D863440067ADBF /* Project object */;
			proxyType = 1;
			remoteGlobalIDString = AC749DA019D863440067ADBF;
			remoteInfo = SwiftToDo;
		};
/* End PBXContainerItemProxy section */

/* Begin PBXFileReference section */
		AC749DA119D863440067ADBF /* SwiftToDo.app */ = {isa = PBXFileReference; explicitFileType = wrapper.application; includeInIndex = 0; path = SwiftToDo.app; sourceTree = BUILT_PRODUCTS_DIR; };
		AC749DA519D863440067ADBF /* Info.plist */ = {isa = PBXFileReference; lastKnownFileType = text.plist.xml; path = Info.plist; sourceTree = "<group>"; };
		AC749DA619D863440067ADBF /* AppDelegate.swift */ = {isa = PBXFileReference; lastKnownFileType = sourcecode.swift; path = AppDelegate.swift; sourceTree = "<group>"; };
		AC749DA819D863440067ADBF /* ViewController.swift */ = {isa = PBXFileReference; lastKnownFileType = sourcecode.swift; path = ViewController.swift; sourceTree = "<group>"; };
		AC749DAB19D863440067ADBF /* Base */ = {isa = PBXFileReference; lastKnownFileType = file.storyboard; name = Base; path = Base.lproj/Main.storyboard; sourceTree = "<group>"; };
		AC749DAD19D863440067ADBF /* Images.xcassets */ = {isa = PBXFileReference; lastKnownFileType = folder.assetcatalog; path = Images.xcassets; sourceTree = "<group>"; };
		AC749DB019D863440067ADBF /* Base */ = {isa = PBXFileReference; lastKnownFileType = file.xib; name = Base; path = Base.lproj/LaunchScreen.xib; sourceTree = "<group>"; };
		AC749DB619D863440067ADBF /* SwiftToDoTests.xctest */ = {isa = PBXFileReference; explicitFileType = wrapper.cfbundle; includeInIndex = 0; path = SwiftToDoTests.xctest; sourceTree = BUILT_PRODUCTS_DIR; };
		AC749DBB19D863440067ADBF /* Info.plist */ = {isa = PBXFileReference; lastKnownFileType = text.plist.xml; path = Info.plist; sourceTree = "<group>"; };
		AC749DBC19D863440067ADBF /* SwiftToDoTests.swift */ = {isa = PBXFileReference; lastKnownFileType = sourcecode.swift; path = SwiftToDoTests.swift; sourceTree = "<group>"; };
/* End PBXFileReference section */

/* Begin PBXFrameworksBuildPhase section */
		AC749D9E19D863440067ADBF /* Frameworks */ = {
			isa = PBXFrameworksBuildPhase;
			buildActionMask = 2147483647;
			files = (
			);
			runOnlyForDeploymentPostprocessing = 0;
		};
		AC749DB319D863440067ADBF /* Frameworks */ = {
			isa = PBXFrameworksBuildPhase;
			buildActionMask = 2147483647;
			files = (
			);
			runOnlyForDeploymentPostprocessing = 0;
		};
/* End PBXFrameworksBuildPhase section */

/* Begin PBXGroup section */
		AC749D9819D863440067ADBF = {
			isa = PBXGroup;
			children = (
				AC749DA319D863440067ADBF /* SwiftToDo */,
				AC749DB919D863440067ADBF /* SwiftToDoTests */,
				AC749DA219D863440067ADBF /* Products */,
			);
			sourceTree = "<group>";
		};
		AC749DA219D863440067ADBF /* Products */ = {
			isa = PBXGroup;
			children = (
				AC749DA119D863440067ADBF /* SwiftToDo.app */,
				AC749DB619D863440067ADBF /* SwiftToDoTests.xctest */,
			);
			name = Products;
			sourceTree = "<group>";
		};
		AC749DA319D863440067ADBF /* SwiftToDo */ = {
			isa = PBXGroup;
			children = (
				AC749DA619D863440067ADBF /* AppDelegate.swift */,
				AC749DA819D863440067ADBF /* ViewController.swift */,
				AC749DAA19D863440067ADBF /* Main.storyboard */,
				AC749DAD19D863440067ADBF /* Images.xcassets */,
				AC749DAF19D863440067ADBF /* LaunchScreen.xib */,
				AC749DA419D863440067ADBF /* Supporting Files */,
			);
			path = SwiftToDo;
			sourceTree = "<group>";
		};
		AC749DA419D863440067ADBF /* Supporting Files */ = {
			isa = PBXGroup;
			children = (
				AC749DA519D863440067ADBF /* Info.plist */,
			);
			name = "Supporting Files";
			sourceTree = "<group>";
		};
		AC749DB919D863440067ADBF /* SwiftToDoTests */ = {
			isa = PBXGroup;
			children = (
				AC749DBC19D863440067ADBF /* SwiftToDoTests.swift */,
				AC749DBA19D863440067ADBF /* Supporting Files */,
			);
			path = SwiftToDoTests;
			sourceTree = "<group>";
		};
		AC749DBA19D863440067ADBF /* Supporting Files */ = {
			isa = PBXGroup;
			children = (
				AC749DBB19D863440067ADBF /* Info.plist */,
			);
			name = "Supporting Files";
			sourceTree = "<group>";
		};
/* End PBXGroup section */

/* Begin PBXNativeTarget section */
		AC749DA019D863440067ADBF /* SwiftToDo */ = {
			isa = PBXNativeTarget;
			buildConfigurationList = AC749DC019D863440067ADBF /* Build configuration list for PBXNativeTarget "SwiftToDo" */;
			buildPhases = (
				AC749D9D19D863440067ADBF /* Sources */,
				AC749D9E19D863440067ADBF /* Frameworks */,
				AC749D9F19D863440067ADBF /* Resources */,
			);
			buildRules = (
			);
			dependencies = (
			);
			name = SwiftToDo;
			productName = SwiftToDo;
			productReference = AC749DA119D863440067ADBF /* SwiftToDo.app */;
			productType = "com.apple.product-type.application";
		};
		AC749DB519D863440067ADBF /* SwiftToDoTests */ = {
			isa = PBXNativeTarget;
			buildConfigurationList = AC749DC319D863440067ADBF /* Build configuration list for PBXNativeTarget "SwiftToDoTests" */;
			buildPhases = (
				AC749DB219D863440067ADBF /* Sources */,
				AC749DB319D863440067ADBF /* Frameworks */,
				AC749DB419D863440067ADBF /* Resources */,
			);
			buildRules = (
			);
			dependencies = (
				AC749DB819D863440067ADBF /* PBXTargetDependency */,
			);
			name = SwiftToDoTests;
			productName = SwiftToDoTests;
			productReference = AC749DB619D863440067ADBF /* SwiftToDoTests.xctest */;
			productType = "com.apple.product-type.bundle.unit-test";
		};
/* End PBXNativeTarget section */

/* Begin PBXProject section */
		AC749D9919D863440067ADBF /* Project object */ = {
			isa = PBXProject;
			attributes = {
				LastUpgradeCheck = 0600;
				ORGANIZATIONNAME = vgulia;
				TargetAttributes = {
					AC749DA019D863440067ADBF = {
						CreatedOnToolsVersion = 6.0.1;
					};
					AC749DB519D863440067ADBF = {
						CreatedOnToolsVersion = 6.0.1;
						TestTargetID = AC749DA019D863440067ADBF;
					};
				};
			};
			buildConfigurationList = AC749D9C19D863440067ADBF /* Build configuration list for PBXProject "SwiftToDo" */;
			compatibilityVersion = "Xcode 3.2";
			developmentRegion = English;
			hasScannedForEncodings = 0;
			knownRegions = (
				en,
				Base,
			);
			mainGroup = AC749D9819D863440067ADBF;
			productRefGroup = AC749DA219D863440067ADBF /* Products */;
			projectDirPath = "";
			projectRoot = "";
			targets = (
				AC749DA019D863440067ADBF /* SwiftToDo */,
				AC749DB519D863440067ADBF /* SwiftToDoTests */,
			);
		};
/* End PBXProject section */

/* Begin PBXResourcesBuildPhase section */
		AC749D9F19D863440067ADBF /* Resources */ = {
			isa = PBXResourcesBuildPhase;
			buildActionMask = 2147483647;
			files = (
				AC749DAC19D863440067ADBF /* Main.storyboard in Resources */,
				AC749DB119D863440067ADBF /* LaunchScreen.xib in Resources */,
				AC749DAE19D863440067ADBF /* Images.xcassets in Resources */,
			);
			runOnlyForDeploymentPostprocessing = 0;
		};
		AC749DB419D863440067ADBF /* Resources */ = {
			isa = PBXResourcesBuildPhase;
			buildActionMask = 2147483647;
			files = (
			);
			runOnlyForDeploymentPostprocessing = 0;
		};
/* End PBXResourcesBuildPhase section */

/* Begin PBXSourcesBuildPhase section */
		AC749D9D19D863440067ADBF /* Sources */ = {
			isa = PBXSourcesBuildPhase;
			buildActionMask = 2147483647;
			files = (
				AC749DA919D863440067ADBF /* ViewController.swift in Sources */,
				AC749DA719D863440067ADBF /* AppDelegate.swift in Sources */,
			);
			runOnlyForDeploymentPostprocessing = 0;
		};
		AC749DB219D863440067ADBF /* Sources */ = {
			isa = PBXSourcesBuildPhase;
			buildActionMask = 2147483647;
			files = (
				AC749DBD19D863440067ADBF /* SwiftToDoTests.swift in Sources */,
			);
			runOnlyForDeploymentPostprocessing = 0;
		};
/* End PBXSourcesBuildPhase section */

/* Begin PBXTargetDependency section */
		AC749DB819D863440067ADBF /* PBXTargetDependency */ = {
			isa = PBXTargetDependency;
			target = AC749DA019D863440067ADBF /* SwiftToDo */;
			targetProxy = AC749DB719D863440067ADBF /* PBXContainerItemProxy */;
		};
/* End PBXTargetDependency section */

/* Begin PBXVariantGroup section */
		AC749DAA19D863440067ADBF /* Main.storyboard */ = {
			isa = PBXVariantGroup;
			children = (
				AC749DAB19D863440067ADBF /* Base */,
			);
			name = Main.storyboard;
			sourceTree = "<group>";
		};
		AC749DAF19D863440067ADBF /* LaunchScreen.xib */ = {
			isa = PBXVariantGroup;
			children = (
				AC749DB019D863440067ADBF /* Base */,
			);
			name = LaunchScreen.xib;
			sourceTree = "<group>";
		};
/* End PBXVariantGroup section */

/* Begin XCBuildConfiguration section */
		AC749DBE19D863440067ADBF /* Debug */ = {
			isa = XCBuildConfiguration;
			buildSettings = {
				ALWAYS_SEARCH_USER_PATHS = NO;
				CLANG_CXX_LANGUAGE_STANDARD = "gnu++0x";
				CLANG_CXX_LIBRARY = "libc++";
				CLANG_ENABLE_MODULES = YES;
				CLANG_ENABLE_OBJC_ARC = YES;
				CLANG_WARN_BOOL_CONVERSION = YES;
				CLANG_WARN_CONSTANT_CONVERSION = YES;
				CLANG_WARN_DIRECT_OBJC_ISA_USAGE = YES_ERROR;
				CLANG_WARN_EMPTY_BODY = YES;
				CLANG_WARN_ENUM_CONVERSION = YES;
				CLANG_WARN_INT_CONVERSION = YES;
				CLANG_WARN_OBJC_ROOT_CLASS = YES_ERROR;
				CLANG_WARN_UNREACHABLE_CODE = YES;
				CLANG_WARN__DUPLICATE_METHOD_MATCH = YES;
				"CODE_SIGN_IDENTITY[sdk=iphoneos*]" = "iPhone Developer";
				COPY_PHASE_STRIP = NO;
				ENABLE_STRICT_OBJC_MSGSEND = YES;
				GCC_C_LANGUAGE_STANDARD = gnu99;
				GCC_DYNAMIC_NO_PIC = NO;
				GCC_OPTIMIZATION_LEVEL = 0;
				GCC_PREPROCESSOR_DEFINITIONS = (
					"DEBUG=1",
					"$(inherited)",
				);
				GCC_SYMBOLS_PRIVATE_EXTERN = NO;
				GCC_WARN_64_TO_32_BIT_CONVERSION = YES;
				GCC_WARN_ABOUT_RETURN_TYPE = YES_ERROR;
				GCC_WARN_UNDECLARED_SELECTOR = YES;
				GCC_WARN_UNINITIALIZED_AUTOS = YES_AGGRESSIVE;
				GCC_WARN_UNUSED_FUNCTION = YES;
				GCC_WARN_UNUSED_VARIABLE = YES;
				IPHONEOS_DEPLOYMENT_TARGET = 8.0;
				MTL_ENABLE_DEBUG_INFO = YES;
				ONLY_ACTIVE_ARCH = YES;
				SDKROOT = iphoneos;
				SWIFT_OPTIMIZATION_LEVEL = "-Onone";
			};
			name = Debug;
		};
		AC749DBF19D863440067ADBF /* Release */ = {
			isa = XCBuildConfiguration;
			buildSettings = {
				ALWAYS_SEARCH_USER_PATHS = NO;
				CLANG_CXX_LANGUAGE_STANDARD = "gnu++0x";
				CLANG_CXX_LIBRARY = "libc++";
				CLANG_ENABLE_MODULES = YES;
				CLANG_ENABLE_OBJC_ARC = YES;
				CLANG_WARN_BOOL_CONVERSION = YES;
				CLANG_WARN_CONSTANT_CONVERSION = YES;
				CLANG_WARN_DIRECT_OBJC_ISA_USAGE = YES_ERROR;
				CLANG_WARN_EMPTY_BODY = YES;
				CLANG_WARN_ENUM_CONVERSION = YES;
				CLANG_WARN_INT_CONVERSION = YES;
				CLANG_WARN_OBJC_ROOT_CLASS = YES_ERROR;
				CLANG_WARN_UNREACHABLE_CODE = YES;
				CLANG_WARN__DUPLICATE_METHOD_MATCH = YES;
				"CODE_SIGN_IDENTITY[sdk=iphoneos*]" = "iPhone Developer";
				COPY_PHASE_STRIP = YES;
				ENABLE_NS_ASSERTIONS = NO;
				ENABLE_STRICT_OBJC_MSGSEND = YES;
				GCC_C_LANGUAGE_STANDARD = gnu99;
				GCC_WARN_64_TO_32_BIT_CONVERSION = YES;
				GCC_WARN_ABOUT_RETURN_TYPE = YES_ERROR;
				GCC_WARN_UNDECLARED_SELECTOR = YES;
				GCC_WARN_UNINITIALIZED_AUTOS = YES_AGGRESSIVE;
				GCC_WARN_UNUSED_FUNCTION = YES;
				GCC_WARN_UNUSED_VARIABLE = YES;
				IPHONEOS_DEPLOYMENT_TARGET = 8.0;
				MTL_ENABLE_DEBUG_INFO = NO;
				SDKROOT = iphoneos;
				VALIDATE_PRODUCT = YES;
			};
			name = Release;
		};
		AC749DC119D863440067ADBF /* Debug */ = {
			isa = XCBuildConfiguration;
			buildSettings = {
				ASSETCATALOG_COMPILER_APPICON_NAME = AppIcon;
				INFOPLIST_FILE = SwiftToDo/Info.plist;
				LD_RUNPATH_SEARCH_PATHS = "$(inherited) @executable_path/Frameworks";
				PRODUCT_NAME = "$(TARGET_NAME)";
			};
			name = Debug;
		};
		AC749DC219D863440067ADBF /* Release */ = {
			isa = XCBuildConfiguration;
			buildSettings = {
				ASSETCATALOG_COMPILER_APPICON_NAME = AppIcon;
				INFOPLIST_FILE = SwiftToDo/Info.plist;
				LD_RUNPATH_SEARCH_PATHS = "$(inherited) @executable_path/Frameworks";
				PRODUCT_NAME = "$(TARGET_NAME)";
			};
			name = Release;
		};
		AC749DC419D863440067ADBF /* Debug */ = {
			isa = XCBuildConfiguration;
			buildSettings = {
				BUNDLE_LOADER = "$(TEST_HOST)";
				FRAMEWORK_SEARCH_PATHS = (
					"$(SDKROOT)/Developer/Library/Frameworks",
					"$(inherited)",
				);
				GCC_PREPROCESSOR_DEFINITIONS = (
					"DEBUG=1",
					"$(inherited)",
				);
				INFOPLIST_FILE = SwiftToDoTests/Info.plist;
				LD_RUNPATH_SEARCH_PATHS = "$(inherited) @executable_path/Frameworks @loader_path/Frameworks";
				PRODUCT_NAME = "$(TARGET_NAME)";
				TEST_HOST = "$(BUILT_PRODUCTS_DIR)/SwiftToDo.app/SwiftToDo";
			};
			name = Debug;
		};
		AC749DC519D863440067ADBF /* Release */ = {
			isa = XCBuildConfiguration;
			buildSettings = {
				BUNDLE_LOADER = "$(TEST_HOST)";
				FRAMEWORK_SEARCH_PATHS = (
					"$(SDKROOT)/Developer/Library/Frameworks",
					"$(inherited)",
				);
				INFOPLIST_FILE = SwiftToDoTests/Info.plist;
				LD_RUNPATH_SEARCH_PATHS = "$(inherited) @executable_path/Frameworks @loader_path/Frameworks";
				PRODUCT_NAME = "$(TARGET_NAME)";
				TEST_HOST = "$(BUILT_PRODUCTS_DIR)/SwiftToDo.app/SwiftToDo";
			};
			name = Release;
		};
/* End XCBuildConfiguration section */

/* Begin XCConfigurationList section */
		AC749D9C19D863440067ADBF /* Build configuration list for PBXProject "SwiftToDo" */ = {
			isa = XCConfigurationList;
			buildConfigurations = (
				AC749DBE19D863440067ADBF /* Debug */,
				AC749DBF19D863440067ADBF /* Release */,
			);
			defaultConfigurationIsVisible = 0;
			defaultConfigurationName = Release;
		};
		AC749DC019D863440067ADBF /* Build configuration list for PBXNativeTarget "SwiftToDo" */ = {
			isa = XCConfigurationList;
			buildConfigurations = (
				AC749DC119D863440067ADBF /* Debug */,
				AC749DC219D863440067ADBF /* Release */,
			);
			defaultConfigurationIsVisible = 0;
		};
		AC749DC319D863440067ADBF /* Build configuration list for PBXNativeTarget "SwiftToDoTests" */ = {
			isa = XCConfigurationList;
			buildConfigurations = (
				AC749DC419D863440067ADBF /* Debug */,
				AC749DC519D863440067ADBF /* Release */,
			);
			defaultConfigurationIsVisible = 0;
		};
/* End XCConfigurationList section */
	};
	rootObject = AC749D9919D863440067ADBF /* Project object */;
}
